
Microsoft Visual Studio Solution File, Format Version 12.00
# Visual Studio Version 16
VisualStudioVersion = 16.0.31129.286
MinimumVisualStudioVersion = 10.0.40219.1
Project("{9A19103F-16F7-4668-BE54-9A1E7A4F7556}") = "TodoApi", "TodoApi.csproj", "{05BDBE40-6F80-4E25-9946-86E2EE54CC81}"
EndProject
Global
	GlobalSection(SolutionConfigurationPlatforms) = preSolution
		Debug|Any CPU = Debug|Any CPU
		Release|Any CPU = Release|Any CPU
	EndGlobalSection
	GlobalSection(ProjectConfigurationPlatforms) = postSolution
		{05BDBE40-6F80-4E25-9946-86E2EE54CC81}.Debug|Any CPU.ActiveCfg = Debug|Any CPU
		{05BDBE40-6F80-4E25-9946-86E2EE54CC81}.Debug|Any CPU.Build.0 = Debug|Any CPU
		{05BDBE40-6F80-4E25-9946-86E2EE54CC81}.Release|Any CPU.ActiveCfg = Release|Any CPU
		{05BDBE40-6F80-4E25-9946-86E2EE54CC81}.Release|Any CPU.Build.0 = Release|Any CPU
	EndGlobalSection
	GlobalSection(SolutionProperties) = preSolution
		HideSolutionNode = FALSE
	EndGlobalSection
	GlobalSection(ExtensibilityGlobals) = postSolution
		SolutionGuid = {EBEBDB68-9DD6-4A50-9053-3C654CF79425}
	EndGlobalSection
EndGlobal
